// !$*UTF8*$!
{
	archiveVersion = 1;
	classes = {
	};
	objectVersion = 56;
	objects = {

/* Begin PBXBuildFile section */
		67465D8129014944007C29EA /* WidgetKit.framework in Frameworks */ = {isa = PBXBuildFile; fileRef = 67465D8029014944007C29EA /* WidgetKit.framework */; };
		67465D8329014944007C29EA /* SwiftUI.framework in Frameworks */ = {isa = PBXBuildFile; fileRef = 67465D8229014944007C29EA /* SwiftUI.framework */; };
		67465D8629014944007C29EA /* UniHealthWidget.swift in Sources */ = {isa = PBXBuildFile; fileRef = 67465D8529014944007C29EA /* UniHealthWidget.swift */; };
		67465D8929014946007C29EA /* Assets.xcassets in Resources */ = {isa = PBXBuildFile; fileRef = 67465D8829014946007C29EA /* Assets.xcassets */; };
		67465D8B29014946007C29EA /* UniHealthWidget.intentdefinition in Sources */ = {isa = PBXBuildFile; fileRef = 67465D8729014944007C29EA /* UniHealthWidget.intentdefinition */; };
		67465D8C29014946007C29EA /* UniHealthWidget.intentdefinition in Sources */ = {isa = PBXBuildFile; fileRef = 67465D8729014944007C29EA /* UniHealthWidget.intentdefinition */; };
		67465D8F29014946007C29EA /* UniHealthWidgetExtension.appex in Embed Foundation Extensions */ = {isa = PBXBuildFile; fileRef = 67465D7E29014944007C29EA /* UniHealthWidgetExtension.appex */; settings = {ATTRIBUTES = (RemoveHeadersOnCopy, ); }; };
		674A55BE2906AC6900A7CBD2 /* DetailViewModel.swift in Sources */ = {isa = PBXBuildFile; fileRef = 67E6310E2900472100112778 /* DetailViewModel.swift */; };
		674A55BF2906AC6C00A7CBD2 /* HKRepository.swift in Sources */ = {isa = PBXBuildFile; fileRef = 67E6310629000E6C00112778 /* HKRepository.swift */; };
		674A55C02906AC6F00A7CBD2 /* Date+Ext.swift in Sources */ = {isa = PBXBuildFile; fileRef = 67E631082900129700112778 /* Date+Ext.swift */; };
		674A55C12906AC7F00A7CBD2 /* Activity.swift in Sources */ = {isa = PBXBuildFile; fileRef = 67E6310129000C1E00112778 /* Activity.swift */; };
		674A55C22906AC8200A7CBD2 /* HealthStat.swift in Sources */ = {isa = PBXBuildFile; fileRef = 67E6310329000D9B00112778 /* HealthStat.swift */; };
		67A4E65F28E998D300A1FE89 /* UniHealthApp.swift in Sources */ = {isa = PBXBuildFile; fileRef = 67A4E65E28E998D300A1FE89 /* UniHealthApp.swift */; };
		67A4E66128E998D300A1FE89 /* ContentView.swift in Sources */ = {isa = PBXBuildFile; fileRef = 67A4E66028E998D300A1FE89 /* ContentView.swift */; };
		67A4E66328E998D500A1FE89 /* Assets.xcassets in Resources */ = {isa = PBXBuildFile; fileRef = 67A4E66228E998D500A1FE89 /* Assets.xcassets */; };
		67A4E66628E998D500A1FE89 /* Preview Assets.xcassets in Resources */ = {isa = PBXBuildFile; fileRef = 67A4E66528E998D500A1FE89 /* Preview Assets.xcassets */; };
		67A4E67728E9D49300A1FE89 /* SplashScreenView.swift in Sources */ = {isa = PBXBuildFile; fileRef = 67A4E67628E9D49300A1FE89 /* SplashScreenView.swift */; };
		67A4E67828E9D6E400A1FE89 /* Karla-Regular.ttf in Resources */ = {isa = PBXBuildFile; fileRef = 67A4E67428E9A88C00A1FE89 /* Karla-Regular.ttf */; };
		67A4E67928E9D6E700A1FE89 /* Lato-LightItalic.ttf in Resources */ = {isa = PBXBuildFile; fileRef = 67A4E67228E9A85F00A1FE89 /* Lato-LightItalic.ttf */; };
		67A4E67A28E9D6EA00A1FE89 /* Lato-Regular.ttf in Resources */ = {isa = PBXBuildFile; fileRef = 67A4E67328E9A85F00A1FE89 /* Lato-Regular.ttf */; };
		67A4E67B28E9D6EC00A1FE89 /* Lato-BoldItalic.ttf in Resources */ = {isa = PBXBuildFile; fileRef = 67A4E67128E9A84A00A1FE89 /* Lato-BoldItalic.ttf */; };
		67A4E67D28E9E5B100A1FE89 /* OnboardingScreenView.swift in Sources */ = {isa = PBXBuildFile; fileRef = 67A4E67C28E9E5B100A1FE89 /* OnboardingScreenView.swift */; };
		67A4E67F28E9E5F200A1FE89 /* BoardingScreen.swift in Sources */ = {isa = PBXBuildFile; fileRef = 67A4E67E28E9E5F200A1FE89 /* BoardingScreen.swift */; };
		67A4E68128E9E83A00A1FE89 /* OffesetPageTabView.swift in Sources */ = {isa = PBXBuildFile; fileRef = 67A4E68028E9E83A00A1FE89 /* OffesetPageTabView.swift */; };
		67A69F4828F7017500D7BEE3 /* AuthenticationScreenView.swift in Sources */ = {isa = PBXBuildFile; fileRef = 67A69F4728F7017400D7BEE3 /* AuthenticationScreenView.swift */; };
		67A69F4A28F70DB300D7BEE3 /* DashboardScreenView.swift in Sources */ = {isa = PBXBuildFile; fileRef = 67A69F4928F70DB300D7BEE3 /* DashboardScreenView.swift */; };
		67A69F4F28F808D400D7BEE3 /* SettingsScreenView.swift in Sources */ = {isa = PBXBuildFile; fileRef = 67A69F4E28F808D400D7BEE3 /* SettingsScreenView.swift */; };
		67E6310229000C1E00112778 /* Activity.swift in Sources */ = {isa = PBXBuildFile; fileRef = 67E6310129000C1E00112778 /* Activity.swift */; };
		67E6310429000D9B00112778 /* HealthStat.swift in Sources */ = {isa = PBXBuildFile; fileRef = 67E6310329000D9B00112778 /* HealthStat.swift */; };
		67E6310729000E6C00112778 /* HKRepository.swift in Sources */ = {isa = PBXBuildFile; fileRef = 67E6310629000E6C00112778 /* HKRepository.swift */; };
		67E631092900129700112778 /* Date+Ext.swift in Sources */ = {isa = PBXBuildFile; fileRef = 67E631082900129700112778 /* Date+Ext.swift */; };
		67E6310B2900433600112778 /* DetailView.swift in Sources */ = {isa = PBXBuildFile; fileRef = 67E6310A2900433600112778 /* DetailView.swift */; };
		67E6310D290046AD00112778 /* ChartView.swift in Sources */ = {isa = PBXBuildFile; fileRef = 67E6310C290046AD00112778 /* ChartView.swift */; };
		67E6310F2900472100112778 /* DetailViewModel.swift in Sources */ = {isa = PBXBuildFile; fileRef = 67E6310E2900472100112778 /* DetailViewModel.swift */; };
/* End PBXBuildFile section */

/* Begin PBXContainerItemProxy section */
		67465D8D29014946007C29EA /* PBXContainerItemProxy */ = {
			isa = PBXContainerItemProxy;
			containerPortal = 67A4E65328E998D300A1FE89 /* Project object */;
			proxyType = 1;
			remoteGlobalIDString = 67465D7D29014944007C29EA;
			remoteInfo = UniHealthWidgetExtension;
		};
/* End PBXContainerItemProxy section */

/* Begin PBXCopyFilesBuildPhase section */
		67465D9029014946007C29EA /* Embed Foundation Extensions */ = {
			isa = PBXCopyFilesBuildPhase;
			buildActionMask = 2147483647;
			dstPath = "";
			dstSubfolderSpec = 13;
			files = (
				67465D8F29014946007C29EA /* UniHealthWidgetExtension.appex in Embed Foundation Extensions */,
			);
			name = "Embed Foundation Extensions";
			runOnlyForDeploymentPostprocessing = 0;
		};
/* End PBXCopyFilesBuildPhase section */

/* Begin PBXFileReference section */
		67465D7E29014944007C29EA /* UniHealthWidgetExtension.appex */ = {isa = PBXFileReference; explicitFileType = "wrapper.app-extension"; includeInIndex = 0; path = UniHealthWidgetExtension.appex; sourceTree = BUILT_PRODUCTS_DIR; };
		67465D8029014944007C29EA /* WidgetKit.framework */ = {isa = PBXFileReference; lastKnownFileType = wrapper.framework; name = WidgetKit.framework; path = System/Library/Frameworks/WidgetKit.framework; sourceTree = SDKROOT; };
		67465D8229014944007C29EA /* SwiftUI.framework */ = {isa = PBXFileReference; lastKnownFileType = wrapper.framework; name = SwiftUI.framework; path = System/Library/Frameworks/SwiftUI.framework; sourceTree = SDKROOT; };
		67465D8529014944007C29EA /* UniHealthWidget.swift */ = {isa = PBXFileReference; lastKnownFileType = sourcecode.swift; path = UniHealthWidget.swift; sourceTree = "<group>"; };
		67465D8729014944007C29EA /* UniHealthWidget.intentdefinition */ = {isa = PBXFileReference; lastKnownFileType = file.intentdefinition; path = UniHealthWidget.intentdefinition; sourceTree = "<group>"; };
		67465D8829014946007C29EA /* Assets.xcassets */ = {isa = PBXFileReference; lastKnownFileType = folder.assetcatalog; path = Assets.xcassets; sourceTree = "<group>"; };
		67465D8A29014946007C29EA /* Info.plist */ = {isa = PBXFileReference; lastKnownFileType = text.plist.xml; path = Info.plist; sourceTree = "<group>"; };
		67A4E65B28E998D300A1FE89 /* UniHealth.app */ = {isa = PBXFileReference; explicitFileType = wrapper.application; includeInIndex = 0; path = UniHealth.app; sourceTree = BUILT_PRODUCTS_DIR; };
		67A4E65E28E998D300A1FE89 /* UniHealthApp.swift */ = {isa = PBXFileReference; lastKnownFileType = sourcecode.swift; path = UniHealthApp.swift; sourceTree = "<group>"; };
		67A4E66028E998D300A1FE89 /* ContentView.swift */ = {isa = PBXFileReference; lastKnownFileType = sourcecode.swift; path = ContentView.swift; sourceTree = "<group>"; };
		67A4E66228E998D500A1FE89 /* Assets.xcassets */ = {isa = PBXFileReference; lastKnownFileType = folder.assetcatalog; path = Assets.xcassets; sourceTree = "<group>"; };
		67A4E66528E998D500A1FE89 /* Preview Assets.xcassets */ = {isa = PBXFileReference; lastKnownFileType = folder.assetcatalog; path = "Preview Assets.xcassets"; sourceTree = "<group>"; };
		67A4E67128E9A84A00A1FE89 /* Lato-BoldItalic.ttf */ = {isa = PBXFileReference; lastKnownFileType = file; path = "Lato-BoldItalic.ttf"; sourceTree = "<group>"; };
		67A4E67228E9A85F00A1FE89 /* Lato-LightItalic.ttf */ = {isa = PBXFileReference; lastKnownFileType = file; path = "Lato-LightItalic.ttf"; sourceTree = "<group>"; };
		67A4E67328E9A85F00A1FE89 /* Lato-Regular.ttf */ = {isa = PBXFileReference; lastKnownFileType = file; path = "Lato-Regular.ttf"; sourceTree = "<group>"; };
		67A4E67428E9A88C00A1FE89 /* Karla-Regular.ttf */ = {isa = PBXFileReference; lastKnownFileType = file; path = "Karla-Regular.ttf"; sourceTree = "<group>"; };
		67A4E67528E9A8FA00A1FE89 /* Info.plist */ = {isa = PBXFileReference; lastKnownFileType = text.plist; path = Info.plist; sourceTree = "<group>"; };
		67A4E67628E9D49300A1FE89 /* SplashScreenView.swift */ = {isa = PBXFileReference; lastKnownFileType = sourcecode.swift; path = SplashScreenView.swift; sourceTree = "<group>"; };
		67A4E67C28E9E5B100A1FE89 /* OnboardingScreenView.swift */ = {isa = PBXFileReference; lastKnownFileType = sourcecode.swift; path = OnboardingScreenView.swift; sourceTree = "<group>"; };
		67A4E67E28E9E5F200A1FE89 /* BoardingScreen.swift */ = {isa = PBXFileReference; lastKnownFileType = sourcecode.swift; path = BoardingScreen.swift; sourceTree = "<group>"; };
		67A4E68028E9E83A00A1FE89 /* OffesetPageTabView.swift */ = {isa = PBXFileReference; lastKnownFileType = sourcecode.swift; path = OffesetPageTabView.swift; sourceTree = "<group>"; };
		67A69F4728F7017400D7BEE3 /* AuthenticationScreenView.swift */ = {isa = PBXFileReference; lastKnownFileType = sourcecode.swift; path = AuthenticationScreenView.swift; sourceTree = "<group>"; };
		67A69F4928F70DB300D7BEE3 /* DashboardScreenView.swift */ = {isa = PBXFileReference; lastKnownFileType = sourcecode.swift; path = DashboardScreenView.swift; sourceTree = "<group>"; };
		67A69F4E28F808D400D7BEE3 /* SettingsScreenView.swift */ = {isa = PBXFileReference; lastKnownFileType = sourcecode.swift; path = SettingsScreenView.swift; sourceTree = "<group>"; };
		67E630FF29000A1A00112778 /* UniHealth.entitlements */ = {isa = PBXFileReference; lastKnownFileType = text.plist.entitlements; path = UniHealth.entitlements; sourceTree = "<group>"; };
		67E6310129000C1E00112778 /* Activity.swift */ = {isa = PBXFileReference; lastKnownFileType = sourcecode.swift; path = Activity.swift; sourceTree = "<group>"; };
		67E6310329000D9B00112778 /* HealthStat.swift */ = {isa = PBXFileReference; lastKnownFileType = sourcecode.swift; path = HealthStat.swift; sourceTree = "<group>"; };
		67E6310629000E6C00112778 /* HKRepository.swift */ = {isa = PBXFileReference; lastKnownFileType = sourcecode.swift; path = HKRepository.swift; sourceTree = "<group>"; };
		67E631082900129700112778 /* Date+Ext.swift */ = {isa = PBXFileReference; lastKnownFileType = sourcecode.swift; path = "Date+Ext.swift"; sourceTree = "<group>"; };
		67E6310A2900433600112778 /* DetailView.swift */ = {isa = PBXFileReference; lastKnownFileType = sourcecode.swift; path = DetailView.swift; sourceTree = "<group>"; };
		67E6310C290046AD00112778 /* ChartView.swift */ = {isa = PBXFileReference; lastKnownFileType = sourcecode.swift; path = ChartView.swift; sourceTree = "<group>"; };
		67E6310E2900472100112778 /* DetailViewModel.swift */ = {isa = PBXFileReference; lastKnownFileType = sourcecode.swift; path = DetailViewModel.swift; sourceTree = "<group>"; };
/* End PBXFileReference section */

/* Begin PBXFrameworksBuildPhase section */
		67465D7B29014944007C29EA /* Frameworks */ = {
			isa = PBXFrameworksBuildPhase;
			buildActionMask = 2147483647;
			files = (
				67465D8329014944007C29EA /* SwiftUI.framework in Frameworks */,
				67465D8129014944007C29EA /* WidgetKit.framework in Frameworks */,
			);
			runOnlyForDeploymentPostprocessing = 0;
		};
		67A4E65828E998D300A1FE89 /* Frameworks */ = {
			isa = PBXFrameworksBuildPhase;
			buildActionMask = 2147483647;
			files = (
			);
			runOnlyForDeploymentPostprocessing = 0;
		};
/* End PBXFrameworksBuildPhase section */

/* Begin PBXGroup section */
		67465D7F29014944007C29EA /* Frameworks */ = {
			isa = PBXGroup;
			children = (
				67465D8029014944007C29EA /* WidgetKit.framework */,
				67465D8229014944007C29EA /* SwiftUI.framework */,
			);
			name = Frameworks;
			sourceTree = "<group>";
		};
		67465D8429014944007C29EA /* UniHealthWidget */ = {
			isa = PBXGroup;
			children = (
				67465D8529014944007C29EA /* UniHealthWidget.swift */,
				67465D8729014944007C29EA /* UniHealthWidget.intentdefinition */,
				67465D8829014946007C29EA /* Assets.xcassets */,
				67465D8A29014946007C29EA /* Info.plist */,
			);
			path = UniHealthWidget;
			sourceTree = "<group>";
		};
		67A4E65228E998D300A1FE89 = {
			isa = PBXGroup;
			children = (
				67A4E65D28E998D300A1FE89 /* UniHealth */,
				67465D8429014944007C29EA /* UniHealthWidget */,
				67465D7F29014944007C29EA /* Frameworks */,
				67A4E65C28E998D300A1FE89 /* Products */,
			);
			sourceTree = "<group>";
		};
		67A4E65C28E998D300A1FE89 /* Products */ = {
			isa = PBXGroup;
			children = (
				67A4E65B28E998D300A1FE89 /* UniHealth.app */,
				67465D7E29014944007C29EA /* UniHealthWidgetExtension.appex */,
			);
			name = Products;
			sourceTree = "<group>";
		};
		67A4E65D28E998D300A1FE89 /* UniHealth */ = {
			isa = PBXGroup;
			children = (
				67E6310029000A8800112778 /* ViewModels */,
				67E630FF29000A1A00112778 /* UniHealth.entitlements */,
				67A4E67528E9A8FA00A1FE89 /* Info.plist */,
				67E6310529000E2B00112778 /* Helpers */,
				67A4E67028E9A79F00A1FE89 /* Screens */,
				67A4E66F28E9A76200A1FE89 /* Services */,
				67A4E66E28E9A75B00A1FE89 /* Models */,
				67A4E66D28E9A74C00A1FE89 /* Views */,
				67A4E66C28E9A74200A1FE89 /* Fonts */,
				67A4E65E28E998D300A1FE89 /* UniHealthApp.swift */,
				67A4E66028E998D300A1FE89 /* ContentView.swift */,
				67A4E66228E998D500A1FE89 /* Assets.xcassets */,
				67A4E66428E998D500A1FE89 /* Preview Content */,
			);
			path = UniHealth;
			sourceTree = "<group>";
		};
		67A4E66428E998D500A1FE89 /* Preview Content */ = {
			isa = PBXGroup;
			children = (
				67A4E66528E998D500A1FE89 /* Preview Assets.xcassets */,
			);
			path = "Preview Content";
			sourceTree = "<group>";
		};
		67A4E66C28E9A74200A1FE89 /* Fonts */ = {
			isa = PBXGroup;
			children = (
				67A4E67428E9A88C00A1FE89 /* Karla-Regular.ttf */,
				67A4E67228E9A85F00A1FE89 /* Lato-LightItalic.ttf */,
				67A4E67328E9A85F00A1FE89 /* Lato-Regular.ttf */,
				67A4E67128E9A84A00A1FE89 /* Lato-BoldItalic.ttf */,
			);
			path = Fonts;
			sourceTree = "<group>";
		};
		67A4E66D28E9A74C00A1FE89 /* Views */ = {
			isa = PBXGroup;
			children = (
				67A4E68028E9E83A00A1FE89 /* OffesetPageTabView.swift */,
			);
			path = Views;
			sourceTree = "<group>";
		};
		67A4E66E28E9A75B00A1FE89 /* Models */ = {
			isa = PBXGroup;
			children = (
				67A4E67E28E9E5F200A1FE89 /* BoardingScreen.swift */,
				67E6310129000C1E00112778 /* Activity.swift */,
				67E6310329000D9B00112778 /* HealthStat.swift */,
			);
			path = Models;
			sourceTree = "<group>";
		};
		67A4E66F28E9A76200A1FE89 /* Services */ = {
			isa = PBXGroup;
			children = (
			);
			path = Services;
			sourceTree = "<group>";
		};
		67A4E67028E9A79F00A1FE89 /* Screens */ = {
			isa = PBXGroup;
			children = (
				67A4E67628E9D49300A1FE89 /* SplashScreenView.swift */,
				67A4E67C28E9E5B100A1FE89 /* OnboardingScreenView.swift */,
				67A69F4728F7017400D7BEE3 /* AuthenticationScreenView.swift */,
				67A69F4928F70DB300D7BEE3 /* DashboardScreenView.swift */,
				67A69F4E28F808D400D7BEE3 /* SettingsScreenView.swift */,
				67E6310A2900433600112778 /* DetailView.swift */,
				67E6310C290046AD00112778 /* ChartView.swift */,
			);
			path = Screens;
			sourceTree = "<group>";
		};
		67E6310029000A8800112778 /* ViewModels */ = {
			isa = PBXGroup;
			children = (
				67E6310E2900472100112778 /* DetailViewModel.swift */,
			);
			path = ViewModels;
			sourceTree = "<group>";
		};
		67E6310529000E2B00112778 /* Helpers */ = {
			isa = PBXGroup;
			children = (
				67E6310629000E6C00112778 /* HKRepository.swift */,
				67E631082900129700112778 /* Date+Ext.swift */,
			);
			path = Helpers;
			sourceTree = "<group>";
		};
/* End PBXGroup section */

/* Begin PBXNativeTarget section */
		67465D7D29014944007C29EA /* UniHealthWidgetExtension */ = {
			isa = PBXNativeTarget;
			buildConfigurationList = 67465D9329014946007C29EA /* Build configuration list for PBXNativeTarget "UniHealthWidgetExtension" */;
			buildPhases = (
				67465D7A29014944007C29EA /* Sources */,
				67465D7B29014944007C29EA /* Frameworks */,
				67465D7C29014944007C29EA /* Resources */,
			);
			buildRules = (
			);
			dependencies = (
			);
			name = UniHealthWidgetExtension;
			productName = UniHealthWidgetExtension;
			productReference = 67465D7E29014944007C29EA /* UniHealthWidgetExtension.appex */;
			productType = "com.apple.product-type.app-extension";
		};
		67A4E65A28E998D300A1FE89 /* UniHealth */ = {
			isa = PBXNativeTarget;
			buildConfigurationList = 67A4E66928E998D500A1FE89 /* Build configuration list for PBXNativeTarget "UniHealth" */;
			buildPhases = (
				67A4E65728E998D300A1FE89 /* Sources */,
				67A4E65828E998D300A1FE89 /* Frameworks */,
				67A4E65928E998D300A1FE89 /* Resources */,
				67465D9029014946007C29EA /* Embed Foundation Extensions */,
			);
			buildRules = (
			);
			dependencies = (
				67465D8E29014946007C29EA /* PBXTargetDependency */,
			);
			name = UniHealth;
			productName = UniHealth;
			productReference = 67A4E65B28E998D300A1FE89 /* UniHealth.app */;
			productType = "com.apple.product-type.application";
		};
/* End PBXNativeTarget section */

/* Begin PBXProject section */
		67A4E65328E998D300A1FE89 /* Project object */ = {
			isa = PBXProject;
			attributes = {
				BuildIndependentTargetsInParallel = 1;
				LastSwiftUpdateCheck = 1400;
				LastUpgradeCheck = 1400;
				TargetAttributes = {
					67465D7D29014944007C29EA = {
						CreatedOnToolsVersion = 14.0;
					};
					67A4E65A28E998D300A1FE89 = {
						CreatedOnToolsVersion = 14.0;
					};
				};
			};
			buildConfigurationList = 67A4E65628E998D300A1FE89 /* Build configuration list for PBXProject "UniHealth" */;
			compatibilityVersion = "Xcode 14.0";
			developmentRegion = en;
			hasScannedForEncodings = 0;
			knownRegions = (
				en,
				Base,
			);
			mainGroup = 67A4E65228E998D300A1FE89;
			productRefGroup = 67A4E65C28E998D300A1FE89 /* Products */;
			projectDirPath = "";
			projectRoot = "";
			targets = (
				67A4E65A28E998D300A1FE89 /* UniHealth */,
				67465D7D29014944007C29EA /* UniHealthWidgetExtension */,
			);
		};
/* End PBXProject section */

/* Begin PBXResourcesBuildPhase section */
		67465D7C29014944007C29EA /* Resources */ = {
			isa = PBXResourcesBuildPhase;
			buildActionMask = 2147483647;
			files = (
				67465D8929014946007C29EA /* Assets.xcassets in Resources */,
			);
			runOnlyForDeploymentPostprocessing = 0;
		};
		67A4E65928E998D300A1FE89 /* Resources */ = {
			isa = PBXResourcesBuildPhase;
			buildActionMask = 2147483647;
			files = (
				67A4E66628E998D500A1FE89 /* Preview Assets.xcassets in Resources */,
				67A4E66328E998D500A1FE89 /* Assets.xcassets in Resources */,
				67A4E67A28E9D6EA00A1FE89 /* Lato-Regular.ttf in Resources */,
				67A4E67B28E9D6EC00A1FE89 /* Lato-BoldItalic.ttf in Resources */,
				67A4E67828E9D6E400A1FE89 /* Karla-Regular.ttf in Resources */,
				67A4E67928E9D6E700A1FE89 /* Lato-LightItalic.ttf in Resources */,
			);
			runOnlyForDeploymentPostprocessing = 0;
		};
/* End PBXResourcesBuildPhase section */

/* Begin PBXSourcesBuildPhase section */
		67465D7A29014944007C29EA /* Sources */ = {
			isa = PBXSourcesBuildPhase;
			buildActionMask = 2147483647;
			files = (
				67465D8B29014946007C29EA /* UniHealthWidget.intentdefinition in Sources */,
				67465D8629014944007C29EA /* UniHealthWidget.swift in Sources */,
				674A55C22906AC8200A7CBD2 /* HealthStat.swift in Sources */,
				674A55BF2906AC6C00A7CBD2 /* HKRepository.swift in Sources */,
				674A55BE2906AC6900A7CBD2 /* DetailViewModel.swift in Sources */,
				674A55C12906AC7F00A7CBD2 /* Activity.swift in Sources */,
				674A55C02906AC6F00A7CBD2 /* Date+Ext.swift in Sources */,
			);
			runOnlyForDeploymentPostprocessing = 0;
		};
		67A4E65728E998D300A1FE89 /* Sources */ = {
			isa = PBXSourcesBuildPhase;
			buildActionMask = 2147483647;
			files = (
				67E6310229000C1E00112778 /* Activity.swift in Sources */,
				67A4E68128E9E83A00A1FE89 /* OffesetPageTabView.swift in Sources */,
				67E631092900129700112778 /* Date+Ext.swift in Sources */,
				67E6310B2900433600112778 /* DetailView.swift in Sources */,
				67A4E66128E998D300A1FE89 /* ContentView.swift in Sources */,
				67A4E65F28E998D300A1FE89 /* UniHealthApp.swift in Sources */,
				67A69F4F28F808D400D7BEE3 /* SettingsScreenView.swift in Sources */,
				67A4E67F28E9E5F200A1FE89 /* BoardingScreen.swift in Sources */,
				67E6310D290046AD00112778 /* ChartView.swift in Sources */,
				67A69F4828F7017500D7BEE3 /* AuthenticationScreenView.swift in Sources */,
				67A4E67728E9D49300A1FE89 /* SplashScreenView.swift in Sources */,
				67E6310729000E6C00112778 /* HKRepository.swift in Sources */,
				67A4E67D28E9E5B100A1FE89 /* OnboardingScreenView.swift in Sources */,
				67A69F4A28F70DB300D7BEE3 /* DashboardScreenView.swift in Sources */,
				67E6310429000D9B00112778 /* HealthStat.swift in Sources */,
				67E6310F2900472100112778 /* DetailViewModel.swift in Sources */,
				67465D8C29014946007C29EA /* UniHealthWidget.intentdefinition in Sources */,
			);
			runOnlyForDeploymentPostprocessing = 0;
		};
/* End PBXSourcesBuildPhase section */

/* Begin PBXTargetDependency section */
		67465D8E29014946007C29EA /* PBXTargetDependency */ = {
			isa = PBXTargetDependency;
			target = 67465D7D29014944007C29EA /* UniHealthWidgetExtension */;
			targetProxy = 67465D8D29014946007C29EA /* PBXContainerItemProxy */;
		};
/* End PBXTargetDependency section */

/* Begin XCBuildConfiguration section */
		67465D9129014946007C29EA /* Debug */ = {
			isa = XCBuildConfiguration;
			buildSettings = {
				ASSETCATALOG_COMPILER_GLOBAL_ACCENT_COLOR_NAME = AccentColor;
				ASSETCATALOG_COMPILER_WIDGET_BACKGROUND_COLOR_NAME = WidgetBackground;
				CODE_SIGN_STYLE = Automatic;
				CURRENT_PROJECT_VERSION = 1;
				DEVELOPMENT_TEAM = 7T5G873XW3;
				GENERATE_INFOPLIST_FILE = YES;
				INFOPLIST_FILE = UniHealthWidget/Info.plist;
				INFOPLIST_KEY_CFBundleDisplayName = UniHealthWidget;
				INFOPLIST_KEY_NSHumanReadableCopyright = "";
				LD_RUNPATH_SEARCH_PATHS = (
					"$(inherited)",
					"@executable_path/Frameworks",
					"@executable_path/../../Frameworks",
				);
				MARKETING_VERSION = 1.0;
				PRODUCT_BUNDLE_IDENTIFIER = com.openwindow.UniHealth.UniHealthWidget;
				PRODUCT_NAME = "$(TARGET_NAME)";
				SKIP_INSTALL = YES;
				SWIFT_EMIT_LOC_STRINGS = YES;
				SWIFT_VERSION = 5.0;
				TARGETED_DEVICE_FAMILY = "1,2";
			};
			name = Debug;
		};
		67465D9229014946007C29EA /* Release */ = {
			isa = XCBuildConfiguration;
			buildSettings = {
				ASSETCATALOG_COMPILER_GLOBAL_ACCENT_COLOR_NAME = AccentColor;
				ASSETCATALOG_COMPILER_WIDGET_BACKGROUND_COLOR_NAME = WidgetBackground;
				CODE_SIGN_STYLE = Automatic;
				CURRENT_PROJECT_VERSION = 1;
				DEVELOPMENT_TEAM = 7T5G873XW3;
				GENERATE_INFOPLIST_FILE = YES;
				INFOPLIST_FILE = UniHealthWidget/Info.plist;
				INFOPLIST_KEY_CFBundleDisplayName = UniHealthWidget;
				INFOPLIST_KEY_NSHumanReadableCopyright = "";
				LD_RUNPATH_SEARCH_PATHS = (
					"$(inherited)",
					"@executable_path/Frameworks",
					"@executable_path/../../Frameworks",
				);
				MARKETING_VERSION = 1.0;
				PRODUCT_BUNDLE_IDENTIFIER = com.openwindow.UniHealth.UniHealthWidget;
				PRODUCT_NAME = "$(TARGET_NAME)";
				SKIP_INSTALL = YES;
				SWIFT_EMIT_LOC_STRINGS = YES;
				SWIFT_VERSION = 5.0;
				TARGETED_DEVICE_FAMILY = "1,2";
			};
			name = Release;
		};
		67A4E66728E998D500A1FE89 /* Debug */ = {
			isa = XCBuildConfiguration;
			buildSettings = {
				ALWAYS_SEARCH_USER_PATHS = NO;
				CLANG_ANALYZER_NONNULL = YES;
				CLANG_ANALYZER_NUMBER_OBJECT_CONVERSION = YES_AGGRESSIVE;
				CLANG_CXX_LANGUAGE_STANDARD = "gnu++20";
				CLANG_ENABLE_MODULES = YES;
				CLANG_ENABLE_OBJC_ARC = YES;
				CLANG_ENABLE_OBJC_WEAK = YES;
				CLANG_WARN_BLOCK_CAPTURE_AUTORELEASING = YES;
				CLANG_WARN_BOOL_CONVERSION = YES;
				CLANG_WARN_COMMA = YES;
				CLANG_WARN_CONSTANT_CONVERSION = YES;
				CLANG_WARN_DEPRECATED_OBJC_IMPLEMENTATIONS = YES;
				CLANG_WARN_DIRECT_OBJC_ISA_USAGE = YES_ERROR;
				CLANG_WARN_DOCUMENTATION_COMMENTS = YES;
				CLANG_WARN_EMPTY_BODY = YES;
				CLANG_WARN_ENUM_CONVERSION = YES;
				CLANG_WARN_INFINITE_RECURSION = YES;
				CLANG_WARN_INT_CONVERSION = YES;
				CLANG_WARN_NON_LITERAL_NULL_CONVERSION = YES;
				CLANG_WARN_OBJC_IMPLICIT_RETAIN_SELF = YES;
				CLANG_WARN_OBJC_LITERAL_CONVERSION = YES;
				CLANG_WARN_OBJC_ROOT_CLASS = YES_ERROR;
				CLANG_WARN_QUOTED_INCLUDE_IN_FRAMEWORK_HEADER = YES;
				CLANG_WARN_RANGE_LOOP_ANALYSIS = YES;
				CLANG_WARN_STRICT_PROTOTYPES = YES;
				CLANG_WARN_SUSPICIOUS_MOVE = YES;
				CLANG_WARN_UNGUARDED_AVAILABILITY = YES_AGGRESSIVE;
				CLANG_WARN_UNREACHABLE_CODE = YES;
				CLANG_WARN__DUPLICATE_METHOD_MATCH = YES;
				COPY_PHASE_STRIP = NO;
				DEBUG_INFORMATION_FORMAT = dwarf;
				ENABLE_STRICT_OBJC_MSGSEND = YES;
				ENABLE_TESTABILITY = YES;
				GCC_C_LANGUAGE_STANDARD = gnu11;
				GCC_DYNAMIC_NO_PIC = NO;
				GCC_NO_COMMON_BLOCKS = YES;
				GCC_OPTIMIZATION_LEVEL = 0;
				GCC_PREPROCESSOR_DEFINITIONS = (
					"DEBUG=1",
					"$(inherited)",
				);
				GCC_WARN_64_TO_32_BIT_CONVERSION = YES;
				GCC_WARN_ABOUT_RETURN_TYPE = YES_ERROR;
				GCC_WARN_UNDECLARED_SELECTOR = YES;
				GCC_WARN_UNINITIALIZED_AUTOS = YES_AGGRESSIVE;
				GCC_WARN_UNUSED_FUNCTION = YES;
				GCC_WARN_UNUSED_VARIABLE = YES;
				IPHONEOS_DEPLOYMENT_TARGET = 16.0;
				MTL_ENABLE_DEBUG_INFO = INCLUDE_SOURCE;
				MTL_FAST_MATH = YES;
				ONLY_ACTIVE_ARCH = YES;
				SDKROOT = iphoneos;
				SWIFT_ACTIVE_COMPILATION_CONDITIONS = DEBUG;
				SWIFT_OPTIMIZATION_LEVEL = "-Onone";
			};
			name = Debug;
		};
		67A4E66828E998D500A1FE89 /* Release */ = {
			isa = XCBuildConfiguration;
			buildSettings = {
				ALWAYS_SEARCH_USER_PATHS = NO;
				CLANG_ANALYZER_NONNULL = YES;
				CLANG_ANALYZER_NUMBER_OBJECT_CONVERSION = YES_AGGRESSIVE;
				CLANG_CXX_LANGUAGE_STANDARD = "gnu++20";
				CLANG_ENABLE_MODULES = YES;
				CLANG_ENABLE_OBJC_ARC = YES;
				CLANG_ENABLE_OBJC_WEAK = YES;
				CLANG_WARN_BLOCK_CAPTURE_AUTORELEASING = YES;
				CLANG_WARN_BOOL_CONVERSION = YES;
				CLANG_WARN_COMMA = YES;
				CLANG_WARN_CONSTANT_CONVERSION = YES;
				CLANG_WARN_DEPRECATED_OBJC_IMPLEMENTATIONS = YES;
				CLANG_WARN_DIRECT_OBJC_ISA_USAGE = YES_ERROR;
				CLANG_WARN_DOCUMENTATION_COMMENTS = YES;
				CLANG_WARN_EMPTY_BODY = YES;
				CLANG_WARN_ENUM_CONVERSION = YES;
				CLANG_WARN_INFINITE_RECURSION = YES;
				CLANG_WARN_INT_CONVERSION = YES;
				CLANG_WARN_NON_LITERAL_NULL_CONVERSION = YES;
				CLANG_WARN_OBJC_IMPLICIT_RETAIN_SELF = YES;
				CLANG_WARN_OBJC_LITERAL_CONVERSION = YES;
				CLANG_WARN_OBJC_ROOT_CLASS = YES_ERROR;
				CLANG_WARN_QUOTED_INCLUDE_IN_FRAMEWORK_HEADER = YES;
				CLANG_WARN_RANGE_LOOP_ANALYSIS = YES;
				CLANG_WARN_STRICT_PROTOTYPES = YES;
				CLANG_WARN_SUSPICIOUS_MOVE = YES;
				CLANG_WARN_UNGUARDED_AVAILABILITY = YES_AGGRESSIVE;
				CLANG_WARN_UNREACHABLE_CODE = YES;
				CLANG_WARN__DUPLICATE_METHOD_MATCH = YES;
				COPY_PHASE_STRIP = NO;
				DEBUG_INFORMATION_FORMAT = "dwarf-with-dsym";
				ENABLE_NS_ASSERTIONS = NO;
				ENABLE_STRICT_OBJC_MSGSEND = YES;
				GCC_C_LANGUAGE_STANDARD = gnu11;
				GCC_NO_COMMON_BLOCKS = YES;
				GCC_WARN_64_TO_32_BIT_CONVERSION = YES;
				GCC_WARN_ABOUT_RETURN_TYPE = YES_ERROR;
				GCC_WARN_UNDECLARED_SELECTOR = YES;
				GCC_WARN_UNINITIALIZED_AUTOS = YES_AGGRESSIVE;
				GCC_WARN_UNUSED_FUNCTION = YES;
				GCC_WARN_UNUSED_VARIABLE = YES;
				IPHONEOS_DEPLOYMENT_TARGET = 16.0;
				MTL_ENABLE_DEBUG_INFO = NO;
				MTL_FAST_MATH = YES;
				SDKROOT = iphoneos;
				SWIFT_COMPILATION_MODE = wholemodule;
				SWIFT_OPTIMIZATION_LEVEL = "-O";
				VALIDATE_PRODUCT = YES;
			};
			name = Release;
		};
		67A4E66A28E998D500A1FE89 /* Debug */ = {
			isa = XCBuildConfiguration;
			buildSettings = {
				ALWAYS_EMBED_SWIFT_STANDARD_LIBRARIES = YES;
				ASSETCATALOG_COMPILER_APPICON_NAME = AppIcon;
				ASSETCATALOG_COMPILER_GLOBAL_ACCENT_COLOR_NAME = AccentColor;
				CODE_SIGN_ENTITLEMENTS = UniHealth/UniHealth.entitlements;
				CODE_SIGN_STYLE = Automatic;
				CURRENT_PROJECT_VERSION = 1;
				DEVELOPMENT_ASSET_PATHS = "\"UniHealth/Preview Content\"";
				DEVELOPMENT_TEAM = 7T5G873XW3;
				ENABLE_PREVIEWS = YES;
				GENERATE_INFOPLIST_FILE = YES;
				INFOPLIST_FILE = UniHealth/Info.plist;
				INFOPLIST_KEY_UIApplicationSceneManifest_Generation = YES;
				INFOPLIST_KEY_UIApplicationSupportsIndirectInputEvents = YES;
				INFOPLIST_KEY_UILaunchScreen_Generation = YES;
				INFOPLIST_KEY_UISupportedInterfaceOrientations_iPad = "UIInterfaceOrientationPortrait UIInterfaceOrientationPortraitUpsideDown UIInterfaceOrientationLandscapeLeft UIInterfaceOrientationLandscapeRight";
				INFOPLIST_KEY_UISupportedInterfaceOrientations_iPhone = "UIInterfaceOrientationPortrait UIInterfaceOrientationLandscapeLeft UIInterfaceOrientationLandscapeRight";
				LD_RUNPATH_SEARCH_PATHS = (
					"$(inherited)",
					"@executable_path/Frameworks",
				);
				MARKETING_VERSION = 1.0;
				PRODUCT_BUNDLE_IDENTIFIER = com.openwindow.UniHealth;
				PRODUCT_NAME = "$(TARGET_NAME)";
				SWIFT_EMIT_LOC_STRINGS = YES;
				SWIFT_VERSION = 5.0;
				TARGETED_DEVICE_FAMILY = "1,2";
			};
			name = Debug;
		};
		67A4E66B28E998D500A1FE89 /* Release */ = {
			isa = XCBuildConfiguration;
			buildSettings = {
				ALWAYS_EMBED_SWIFT_STANDARD_LIBRARIES = YES;
				ASSETCATALOG_COMPILER_APPICON_NAME = AppIcon;
				ASSETCATALOG_COMPILER_GLOBAL_ACCENT_COLOR_NAME = AccentColor;
				CODE_SIGN_ENTITLEMENTS = UniHealth/UniHealth.entitlements;
				CODE_SIGN_STYLE = Automatic;
				CURRENT_PROJECT_VERSION = 1;
				DEVELOPMENT_ASSET_PATHS = "\"UniHealth/Preview Content\"";
				DEVELOPMENT_TEAM = 7T5G873XW3;
				ENABLE_PREVIEWS = YES;
				GENERATE_INFOPLIST_FILE = YES;
				INFOPLIST_FILE = UniHealth/Info.plist;
				INFOPLIST_KEY_UIApplicationSceneManifest_Generation = YES;
				INFOPLIST_KEY_UIApplicationSupportsIndirectInputEvents = YES;
				INFOPLIST_KEY_UILaunchScreen_Generation = YES;
				INFOPLIST_KEY_UISupportedInterfaceOrientations_iPad = "UIInterfaceOrientationPortrait UIInterfaceOrientationPortraitUpsideDown UIInterfaceOrientationLandscapeLeft UIInterfaceOrientationLandscapeRight";
				INFOPLIST_KEY_UISupportedInterfaceOrientations_iPhone = "UIInterfaceOrientationPortrait UIInterfaceOrientationLandscapeLeft UIInterfaceOrientationLandscapeRight";
				LD_RUNPATH_SEARCH_PATHS = (
					"$(inherited)",
					"@executable_path/Frameworks",
				);
				MARKETING_VERSION = 1.0;
				PRODUCT_BUNDLE_IDENTIFIER = com.openwindow.UniHealth;
				PRODUCT_NAME = "$(TARGET_NAME)";
				SWIFT_EMIT_LOC_STRINGS = YES;
				SWIFT_VERSION = 5.0;
				TARGETED_DEVICE_FAMILY = "1,2";
			};
			name = Release;
		};
/* End XCBuildConfiguration section */

/* Begin XCConfigurationList section */
		67465D9329014946007C29EA /* Build configuration list for PBXNativeTarget "UniHealthWidgetExtension" */ = {
			isa = XCConfigurationList;
			buildConfigurations = (
				67465D9129014946007C29EA /* Debug */,
				67465D9229014946007C29EA /* Release */,
			);
			defaultConfigurationIsVisible = 0;
			defaultConfigurationName = Release;
		};
		67A4E65628E998D300A1FE89 /* Build configuration list for PBXProject "UniHealth" */ = {
			isa = XCConfigurationList;
			buildConfigurations = (
				67A4E66728E998D500A1FE89 /* Debug */,
				67A4E66828E998D500A1FE89 /* Release */,
			);
			defaultConfigurationIsVisible = 0;
			defaultConfigurationName = Release;
		};
		67A4E66928E998D500A1FE89 /* Build configuration list for PBXNativeTarget "UniHealth" */ = {
			isa = XCConfigurationList;
			buildConfigurations = (
				67A4E66A28E998D500A1FE89 /* Debug */,
				67A4E66B28E998D500A1FE89 /* Release */,
			);
			defaultConfigurationIsVisible = 0;
			defaultConfigurationName = Release;
		};
/* End XCConfigurationList section */
	};
	rootObject = 67A4E65328E998D300A1FE89 /* Project object */;
}
